
Microsoft Visual Studio Solution File, Format Version 11.00
# Visual Studio 2010
Project("{FAE04EC0-301F-11D3-BF4B-00C04F79EFBC}") = "AuctionSniper.Acceptance.Tests", "test\AuctionSniper.Acceptance.Tests\AuctionSniper.Acceptance.Tests.csproj", "{C9BF493F-8141-40FD-88C9-CCFC208C1667}"
EndProject
Project("{FAE04EC0-301F-11D3-BF4B-00C04F79EFBC}") = "AuctionSniper.Integration.Tests", "test\AuctionSniper.Integration.Tests\AuctionSniper.Integration.Tests.csproj", "{C8925AE5-A115-4509-8DD6-975D9C389BF8}"
EndProject
Project("{FAE04EC0-301F-11D3-BF4B-00C04F79EFBC}") = "AuctionSniper.UI", "src\AuctionSniper.UI\AuctionSniper.UI.csproj", "{FE64668B-A86A-4581-A8B7-C35DDA91DA28}"
EndProject
Project("{FAE04EC0-301F-11D3-BF4B-00C04F79EFBC}") = "AuctionSniper.Utils", "src\AuctionSniper.Utils\AuctionSniper.Utils.csproj", "{B3FE1494-8B04-4919-879A-F64EAB6E6214}"
EndProject
Project("{FAE04EC0-301F-11D3-BF4B-00C04F79EFBC}") = "AuctionSniper.Xmpp", "src\AuctionSniper.Xmpp\AuctionSniper.Xmpp.csproj", "{53731E54-EE01-48EA-A5FA-32AAD1107460}"
EndProject
Project("{FAE04EC0-301F-11D3-BF4B-00C04F79EFBC}") = "AuctionSniper.Unit.Tests", "test\AuctionSniper.Unit.Tests\AuctionSniper.Unit.Tests.csproj", "{2FD0C16B-F362-47B3-BC79-0E561A8ABE23}"
EndProject
Project("{FAE04EC0-301F-11D3-BF4B-00C04F79EFBC}") = "AuctionSniper.Domain", "src\AuctionSniper.Domain\AuctionSniper.Domain.csproj", "{149D367F-9376-4622-BEE2-F512753DFDB1}"
EndProject
Global
	GlobalSection(SolutionConfigurationPlatforms) = preSolution
		Debug|Any CPU = Debug|Any CPU
		Debug|Mixed Platforms = Debug|Mixed Platforms
		Debug|x86 = Debug|x86
		Release|Any CPU = Release|Any CPU
		Release|Mixed Platforms = Release|Mixed Platforms
		Release|x86 = Release|x86
	EndGlobalSection
	GlobalSection(ProjectConfigurationPlatforms) = postSolution
		{C9BF493F-8141-40FD-88C9-CCFC208C1667}.Debug|Any CPU.ActiveCfg = Debug|Any CPU
		{C9BF493F-8141-40FD-88C9-CCFC208C1667}.Debug|Any CPU.Build.0 = Debug|Any CPU
		{C9BF493F-8141-40FD-88C9-CCFC208C1667}.Debug|Mixed Platforms.ActiveCfg = Debug|Any CPU
		{C9BF493F-8141-40FD-88C9-CCFC208C1667}.Debug|Mixed Platforms.Build.0 = Debug|Any CPU
		{C9BF493F-8141-40FD-88C9-CCFC208C1667}.Debug|x86.ActiveCfg = Debug|Any CPU
		{C9BF493F-8141-40FD-88C9-CCFC208C1667}.Release|Any CPU.ActiveCfg = Release|Any CPU
		{C9BF493F-8141-40FD-88C9-CCFC208C1667}.Release|Any CPU.Build.0 = Release|Any CPU
		{C9BF493F-8141-40FD-88C9-CCFC208C1667}.Release|Mixed Platforms.ActiveCfg = Release|Any CPU
		{C9BF493F-8141-40FD-88C9-CCFC208C1667}.Release|Mixed Platforms.Build.0 = Release|Any CPU
		{C9BF493F-8141-40FD-88C9-CCFC208C1667}.Release|x86.ActiveCfg = Release|Any CPU
		{C8925AE5-A115-4509-8DD6-975D9C389BF8}.Debug|Any CPU.ActiveCfg = Debug|Any CPU
		{C8925AE5-A115-4509-8DD6-975D9C389BF8}.Debug|Any CPU.Build.0 = Debug|Any CPU
		{C8925AE5-A115-4509-8DD6-975D9C389BF8}.Debug|Mixed Platforms.ActiveCfg = Debug|Any CPU
		{C8925AE5-A115-4509-8DD6-975D9C389BF8}.Debug|Mixed Platforms.Build.0 = Debug|Any CPU
		{C8925AE5-A115-4509-8DD6-975D9C389BF8}.Debug|x86.ActiveCfg = Debug|Any CPU
		{C8925AE5-A115-4509-8DD6-975D9C389BF8}.Release|Any CPU.ActiveCfg = Release|Any CPU
		{C8925AE5-A115-4509-8DD6-975D9C389BF8}.Release|Any CPU.Build.0 = Release|Any CPU
		{C8925AE5-A115-4509-8DD6-975D9C389BF8}.Release|Mixed Platforms.ActiveCfg = Release|Any CPU
		{C8925AE5-A115-4509-8DD6-975D9C389BF8}.Release|Mixed Platforms.Build.0 = Release|Any CPU
		{C8925AE5-A115-4509-8DD6-975D9C389BF8}.Release|x86.ActiveCfg = Release|Any CPU
		{FE64668B-A86A-4581-A8B7-C35DDA91DA28}.Debug|Any CPU.ActiveCfg = Debug|x86
		{FE64668B-A86A-4581-A8B7-C35DDA91DA28}.Debug|Mixed Platforms.ActiveCfg = Debug|x86
		{FE64668B-A86A-4581-A8B7-C35DDA91DA28}.Debug|Mixed Platforms.Build.0 = Debug|x86
		{FE64668B-A86A-4581-A8B7-C35DDA91DA28}.Debug|x86.ActiveCfg = Debug|x86
		{FE64668B-A86A-4581-A8B7-C35DDA91DA28}.Debug|x86.Build.0 = Debug|x86
		{FE64668B-A86A-4581-A8B7-C35DDA91DA28}.Release|Any CPU.ActiveCfg = Release|x86
		{FE64668B-A86A-4581-A8B7-C35DDA91DA28}.Release|Mixed Platforms.ActiveCfg = Release|x86
		{FE64668B-A86A-4581-A8B7-C35DDA91DA28}.Release|Mixed Platforms.Build.0 = Release|x86
		{FE64668B-A86A-4581-A8B7-C35DDA91DA28}.Release|x86.ActiveCfg = Release|x86
		{FE64668B-A86A-4581-A8B7-C35DDA91DA28}.Release|x86.Build.0 = Release|x86
		{B3FE1494-8B04-4919-879A-F64EAB6E6214}.Debug|Any CPU.ActiveCfg = Debug|Any CPU
		{B3FE1494-8B04-4919-879A-F64EAB6E6214}.Debug|Any CPU.Build.0 = Debug|Any CPU
		{B3FE1494-8B04-4919-879A-F64EAB6E6214}.Debug|Mixed Platforms.ActiveCfg = Debug|Any CPU
		{B3FE1494-8B04-4919-879A-F64EAB6E6214}.Debug|Mixed Platforms.Build.0 = Debug|Any CPU
		{B3FE1494-8B04-4919-879A-F64EAB6E6214}.Debug|x86.ActiveCfg = Debug|Any CPU
		{B3FE1494-8B04-4919-879A-F64EAB6E6214}.Release|Any CPU.ActiveCfg = Release|Any CPU
		{B3FE1494-8B04-4919-879A-F64EAB6E6214}.Release|Any CPU.Build.0 = Release|Any CPU
		{B3FE1494-8B04-4919-879A-F64EAB6E6214}.Release|Mixed Platforms.ActiveCfg = Release|Any CPU
		{B3FE1494-8B04-4919-879A-F64EAB6E6214}.Release|Mixed Platforms.Build.0 = Release|Any CPU
		{B3FE1494-8B04-4919-879A-F64EAB6E6214}.Release|x86.ActiveCfg = Release|Any CPU
		{53731E54-EE01-48EA-A5FA-32AAD1107460}.Debug|Any CPU.ActiveCfg = Debug|Any CPU
		{53731E54-EE01-48EA-A5FA-32AAD1107460}.Debug|Any CPU.Build.0 = Debug|Any CPU
		{53731E54-EE01-48EA-A5FA-32AAD1107460}.Debug|Mixed Platforms.ActiveCfg = Debug|Any CPU
		{53731E54-EE01-48EA-A5FA-32AAD1107460}.Debug|Mixed Platforms.Build.0 = Debug|Any CPU
		{53731E54-EE01-48EA-A5FA-32AAD1107460}.Debug|x86.ActiveCfg = Debug|Any CPU
		{53731E54-EE01-48EA-A5FA-32AAD1107460}.Release|Any CPU.ActiveCfg = Release|Any CPU
		{53731E54-EE01-48EA-A5FA-32AAD1107460}.Release|Any CPU.Build.0 = Release|Any CPU
		{53731E54-EE01-48EA-A5FA-32AAD1107460}.Release|Mixed Platforms.ActiveCfg = Release|Any CPU
		{53731E54-EE01-48EA-A5FA-32AAD1107460}.Release|Mixed Platforms.Build.0 = Release|Any CPU
		{53731E54-EE01-48EA-A5FA-32AAD1107460}.Release|x86.ActiveCfg = Release|Any CPU
		{2FD0C16B-F362-47B3-BC79-0E561A8ABE23}.Debug|Any CPU.ActiveCfg = Debug|Any CPU
		{2FD0C16B-F362-47B3-BC79-0E561A8ABE23}.Debug|Any CPU.Build.0 = Debug|Any CPU
		{2FD0C16B-F362-47B3-BC79-0E561A8ABE23}.Debug|Mixed Platforms.ActiveCfg = Debug|Any CPU
		{2FD0C16B-F362-47B3-BC79-0E561A8ABE23}.Debug|Mixed Platforms.Build.0 = Debug|Any CPU
		{2FD0C16B-F362-47B3-BC79-0E561A8ABE23}.Debug|x86.ActiveCfg = Debug|Any CPU
		{2FD0C16B-F362-47B3-BC79-0E561A8ABE23}.Release|Any CPU.ActiveCfg = Release|Any CPU
		{2FD0C16B-F362-47B3-BC79-0E561A8ABE23}.Release|Any CPU.Build.0 = Release|Any CPU
		{2FD0C16B-F362-47B3-BC79-0E561A8ABE23}.Release|Mixed Platforms.ActiveCfg = Release|Any CPU
		{2FD0C16B-F362-47B3-BC79-0E561A8ABE23}.Release|Mixed Platforms.Build.0 = Release|Any CPU
		{2FD0C16B-F362-47B3-BC79-0E561A8ABE23}.Release|x86.ActiveCfg = Release|Any CPU
		{149D367F-9376-4622-BEE2-F512753DFDB1}.Debug|Any CPU.ActiveCfg = Debug|Any CPU
		{149D367F-9376-4622-BEE2-F512753DFDB1}.Debug|Any CPU.Build.0 = Debug|Any CPU
		{149D367F-9376-4622-BEE2-F512753DFDB1}.Debug|Mixed Platforms.ActiveCfg = Debug|Any CPU
		{149D367F-9376-4622-BEE2-F512753DFDB1}.Debug|Mixed Platforms.Build.0 = Debug|Any CPU
		{149D367F-9376-4622-BEE2-F512753DFDB1}.Debug|x86.ActiveCfg = Debug|Any CPU
		{149D367F-9376-4622-BEE2-F512753DFDB1}.Release|Any CPU.ActiveCfg = Release|Any CPU
		{149D367F-9376-4622-BEE2-F512753DFDB1}.Release|Any CPU.Build.0 = Release|Any CPU
		{149D367F-9376-4622-BEE2-F512753DFDB1}.Release|Mixed Platforms.ActiveCfg = Release|Any CPU
		{149D367F-9376-4622-BEE2-F512753DFDB1}.Release|Mixed Platforms.Build.0 = Release|Any CPU
		{149D367F-9376-4622-BEE2-F512753DFDB1}.Release|x86.ActiveCfg = Release|Any CPU
	EndGlobalSection
	GlobalSection(SolutionProperties) = preSolution
		HideSolutionNode = FALSE
	EndGlobalSection
EndGlobal
